// !$*UTF8*$!
{
	archiveVersion = 1;
	classes = {
	};
	objectVersion = 46;
	objects = {

/* Begin PBXBuildFile section */
		611F8D781F78B25200C3DA92 /* CheeryManager.m in Sources */ = {isa = PBXBuildFile; fileRef = 611F8D6B1F78B25200C3DA92 /* CheeryManager.m */; };
		611F8D791F78B25200C3DA92 /* DeliveryCar.m in Sources */ = {isa = PBXBuildFile; fileRef = 611F8D6D1F78B25200C3DA92 /* DeliveryCar.m */; };
		611F8D7A1F78B25200C3DA92 /* DeliveryService.m in Sources */ = {isa = PBXBuildFile; fileRef = 611F8D6F1F78B25200C3DA92 /* DeliveryService.m */; };
		611F8D7B1F78B25200C3DA92 /* HateAnchoviesManager.m in Sources */ = {isa = PBXBuildFile; fileRef = 611F8D711F78B25200C3DA92 /* HateAnchoviesManager.m */; };
		611F8D7C1F78B25200C3DA92 /* Kitchen.m in Sources */ = {isa = PBXBuildFile; fileRef = 611F8D731F78B25200C3DA92 /* Kitchen.m */; };
		611F8D7D1F78B25200C3DA92 /* main.m in Sources */ = {isa = PBXBuildFile; fileRef = 611F8D741F78B25200C3DA92 /* main.m */; };
		611F8D7E1F78B25200C3DA92 /* Pizza.m in Sources */ = {isa = PBXBuildFile; fileRef = 611F8D761F78B25200C3DA92 /* Pizza.m */; };
/* End PBXBuildFile section */

/* Begin PBXCopyFilesBuildPhase section */
		611F8D5E1F78B1ED00C3DA92 /* CopyFiles */ = {
			isa = PBXCopyFilesBuildPhase;
			buildActionMask = 2147483647;
			dstPath = /usr/share/man/man1/;
			dstSubfolderSpec = 0;
			files = (
			);
			runOnlyForDeploymentPostprocessing = 1;
		};
/* End PBXCopyFilesBuildPhase section */

/* Begin PBXFileReference section */
		611F8D601F78B1ED00C3DA92 /* Pizza Restaurant */ = {isa = PBXFileReference; explicitFileType = "compiled.mach-o.executable"; includeInIndex = 0; path = "Pizza Restaurant"; sourceTree = BUILT_PRODUCTS_DIR; };
		611F8D6A1F78B25200C3DA92 /* CheeryManager.h */ = {isa = PBXFileReference; fileEncoding = 4; lastKnownFileType = sourcecode.c.h; name = CheeryManager.h; path = "../../Objective-C/Assignment12/Assignment12/CheeryManager.h"; sourceTree = "<group>"; };
		611F8D6B1F78B25200C3DA92 /* CheeryManager.m */ = {isa = PBXFileReference; fileEncoding = 4; lastKnownFileType = sourcecode.c.objc; name = CheeryManager.m; path = "../../Objective-C/Assignment12/Assignment12/CheeryManager.m"; sourceTree = "<group>"; };
		611F8D6C1F78B25200C3DA92 /* DeliveryCar.h */ = {isa = PBXFileReference; fileEncoding = 4; lastKnownFileType = sourcecode.c.h; name = DeliveryCar.h; path = "../../Objective-C/Assignment12/Assignment12/DeliveryCar.h"; sourceTree = "<group>"; };
		611F8D6D1F78B25200C3DA92 /* DeliveryCar.m */ = {isa = PBXFileReference; fileEncoding = 4; lastKnownFileType = sourcecode.c.objc; name = DeliveryCar.m; path = "../../Objective-C/Assignment12/Assignment12/DeliveryCar.m"; sourceTree = "<group>"; };
		611F8D6E1F78B25200C3DA92 /* DeliveryService.h */ = {isa = PBXFileReference; fileEncoding = 4; lastKnownFileType = sourcecode.c.h; name = DeliveryService.h; path = "../../Objective-C/Assignment12/Assignment12/DeliveryService.h"; sourceTree = "<group>"; };
		611F8D6F1F78B25200C3DA92 /* DeliveryService.m */ = {isa = PBXFileReference; fileEncoding = 4; lastKnownFileType = sourcecode.c.objc; name = DeliveryService.m; path = "../../Objective-C/Assignment12/Assignment12/DeliveryService.m"; sourceTree = "<group>"; };
		611F8D701F78B25200C3DA92 /* HateAnchoviesManager.h */ = {isa = PBXFileReference; fileEncoding = 4; lastKnownFileType = sourcecode.c.h; name = HateAnchoviesManager.h; path = "../../Objective-C/Assignment12/Assignment12/HateAnchoviesManager.h"; sourceTree = "<group>"; };
		611F8D711F78B25200C3DA92 /* HateAnchoviesManager.m */ = {isa = PBXFileReference; fileEncoding = 4; lastKnownFileType = sourcecode.c.objc; name = HateAnchoviesManager.m; path = "../../Objective-C/Assignment12/Assignment12/HateAnchoviesManager.m"; sourceTree = "<group>"; };
		611F8D721F78B25200C3DA92 /* Kitchen.h */ = {isa = PBXFileReference; fileEncoding = 4; lastKnownFileType = sourcecode.c.h; name = Kitchen.h; path = "../../Objective-C/Assignment12/Assignment12/Kitchen.h"; sourceTree = "<group>"; };
		611F8D731F78B25200C3DA92 /* Kitchen.m */ = {isa = PBXFileReference; fileEncoding = 4; lastKnownFileType = sourcecode.c.objc; name = Kitchen.m; path = "../../Objective-C/Assignment12/Assignment12/Kitchen.m"; sourceTree = "<group>"; };
		611F8D741F78B25200C3DA92 /* main.m */ = {isa = PBXFileReference; fileEncoding = 4; lastKnownFileType = sourcecode.c.objc; name = main.m; path = "../../Objective-C/Assignment12/Assignment12/main.m"; sourceTree = "<group>"; };
		611F8D751F78B25200C3DA92 /* Pizza.h */ = {isa = PBXFileReference; fileEncoding = 4; lastKnownFileType = sourcecode.c.h; name = Pizza.h; path = "../../Objective-C/Assignment12/Assignment12/Pizza.h"; sourceTree = "<group>"; };
		611F8D761F78B25200C3DA92 /* Pizza.m */ = {isa = PBXFileReference; fileEncoding = 4; lastKnownFileType = sourcecode.c.objc; name = Pizza.m; path = "../../Objective-C/Assignment12/Assignment12/Pizza.m"; sourceTree = "<group>"; };
		611F8D771F78B25200C3DA92 /* PizzaRestaurant-Prefix.pch */ = {isa = PBXFileReference; fileEncoding = 4; lastKnownFileType = sourcecode.c.h; name = "PizzaRestaurant-Prefix.pch"; path = "../../Objective-C/Assignment12/Assignment12/PizzaRestaurant-Prefix.pch"; sourceTree = "<group>"; };
/* End PBXFileReference section */

/* Begin PBXFrameworksBuildPhase section */
		611F8D5D1F78B1ED00C3DA92 /* Frameworks */ = {
			isa = PBXFrameworksBuildPhase;
			buildActionMask = 2147483647;
			files = (
			);
			runOnlyForDeploymentPostprocessing = 0;
		};
/* End PBXFrameworksBuildPhase section */

/* Begin PBXGroup section */
		611F8D571F78B1ED00C3DA92 = {
			isa = PBXGroup;
			children = (
				611F8D621F78B1ED00C3DA92 /* Pizza Restaurant */,
				611F8D611F78B1ED00C3DA92 /* Products */,
			);
			sourceTree = "<group>";
		};
		611F8D611F78B1ED00C3DA92 /* Products */ = {
			isa = PBXGroup;
			children = (
				611F8D601F78B1ED00C3DA92 /* Pizza Restaurant */,
			);
			name = Products;
			sourceTree = "<group>";
		};
		611F8D621F78B1ED00C3DA92 /* Pizza Restaurant */ = {
			isa = PBXGroup;
			children = (
				611F8D6A1F78B25200C3DA92 /* CheeryManager.h */,
				611F8D6B1F78B25200C3DA92 /* CheeryManager.m */,
				611F8D6C1F78B25200C3DA92 /* DeliveryCar.h */,
				611F8D6D1F78B25200C3DA92 /* DeliveryCar.m */,
				611F8D6E1F78B25200C3DA92 /* DeliveryService.h */,
				611F8D6F1F78B25200C3DA92 /* DeliveryService.m */,
				611F8D701F78B25200C3DA92 /* HateAnchoviesManager.h */,
				611F8D711F78B25200C3DA92 /* HateAnchoviesManager.m */,
				611F8D721F78B25200C3DA92 /* Kitchen.h */,
				611F8D731F78B25200C3DA92 /* Kitchen.m */,
				611F8D741F78B25200C3DA92 /* main.m */,
				611F8D751F78B25200C3DA92 /* Pizza.h */,
				611F8D761F78B25200C3DA92 /* Pizza.m */,
				611F8D771F78B25200C3DA92 /* PizzaRestaurant-Prefix.pch */,
			);
			path = "Pizza Restaurant";
			sourceTree = "<group>";
		};
/* End PBXGroup section */

/* Begin PBXNativeTarget section */
		611F8D5F1F78B1ED00C3DA92 /* Pizza Restaurant */ = {
			isa = PBXNativeTarget;
			buildConfigurationList = 611F8D671F78B1ED00C3DA92 /* Build configuration list for PBXNativeTarget "Pizza Restaurant" */;
			buildPhases = (
				611F8D5C1F78B1ED00C3DA92 /* Sources */,
				611F8D5D1F78B1ED00C3DA92 /* Frameworks */,
				611F8D5E1F78B1ED00C3DA92 /* CopyFiles */,
			);
			buildRules = (
			);
			dependencies = (
			);
			name = "Pizza Restaurant";
			productName = "Pizza Restaurant";
			productReference = 611F8D601F78B1ED00C3DA92 /* Pizza Restaurant */;
			productType = "com.apple.product-type.tool";
		};
/* End PBXNativeTarget section */

/* Begin PBXProject section */
		611F8D581F78B1ED00C3DA92 /* Project object */ = {
			isa = PBXProject;
			attributes = {
				LastUpgradeCheck = 0820;
				ORGANIZATIONNAME = "岡田暁";
				TargetAttributes = {
					611F8D5F1F78B1ED00C3DA92 = {
						CreatedOnToolsVersion = 8.2.1;
						ProvisioningStyle = Automatic;
					};
				};
			};
			buildConfigurationList = 611F8D5B1F78B1ED00C3DA92 /* Build configuration list for PBXProject "Pizza Restaurant" */;
			compatibilityVersion = "Xcode 3.2";
			developmentRegion = English;
			hasScannedForEncodings = 0;
			knownRegions = (
				en,
			);
			mainGroup = 611F8D571F78B1ED00C3DA92;
			productRefGroup = 611F8D611F78B1ED00C3DA92 /* Products */;
			projectDirPath = "";
			projectRoot = "";
			targets = (
				611F8D5F1F78B1ED00C3DA92 /* Pizza Restaurant */,
			);
		};
/* End PBXProject section */

/* Begin PBXSourcesBuildPhase section */
		611F8D5C1F78B1ED00C3DA92 /* Sources */ = {
			isa = PBXSourcesBuildPhase;
			buildActionMask = 2147483647;
			files = (
				611F8D7E1F78B25200C3DA92 /* Pizza.m in Sources */,
				611F8D791F78B25200C3DA92 /* DeliveryCar.m in Sources */,
				611F8D7B1F78B25200C3DA92 /* HateAnchoviesManager.m in Sources */,
				611F8D7C1F78B25200C3DA92 /* Kitchen.m in Sources */,
				611F8D7A1F78B25200C3DA92 /* DeliveryService.m in Sources */,
				611F8D7D1F78B25200C3DA92 /* main.m in Sources */,
				611F8D781F78B25200C3DA92 /* CheeryManager.m in Sources */,
			);
			runOnlyForDeploymentPostprocessing = 0;
		};
/* End PBXSourcesBuildPhase section */

/* Begin XCBuildConfiguration section */
		611F8D651F78B1ED00C3DA92 /* Debug */ = {
			isa = XCBuildConfiguration;
			buildSettings = {
				ALWAYS_SEARCH_USER_PATHS = NO;
				CLANG_ANALYZER_NONNULL = YES;
				CLANG_CXX_LANGUAGE_STANDARD = "gnu++0x";
				CLANG_CXX_LIBRARY = "libc++";
				CLANG_ENABLE_MODULES = YES;
				CLANG_ENABLE_OBJC_ARC = YES;
				CLANG_WARN_BOOL_CONVERSION = YES;
				CLANG_WARN_CONSTANT_CONVERSION = YES;
				CLANG_WARN_DIRECT_OBJC_ISA_USAGE = YES_ERROR;
				CLANG_WARN_DOCUMENTATION_COMMENTS = YES;
				CLANG_WARN_EMPTY_BODY = YES;
				CLANG_WARN_ENUM_CONVERSION = YES;
				CLANG_WARN_INFINITE_RECURSION = YES;
				CLANG_WARN_INT_CONVERSION = YES;
				CLANG_WARN_OBJC_ROOT_CLASS = YES_ERROR;
				CLANG_WARN_SUSPICIOUS_MOVE = YES;
				CLANG_WARN_UNREACHABLE_CODE = YES;
				CLANG_WARN__DUPLICATE_METHOD_MATCH = YES;
				CODE_SIGN_IDENTITY = "-";
				COPY_PHASE_STRIP = NO;
				DEBUG_INFORMATION_FORMAT = dwarf;
				ENABLE_STRICT_OBJC_MSGSEND = YES;
				ENABLE_TESTABILITY = YES;
				GCC_C_LANGUAGE_STANDARD = gnu99;
				GCC_DYNAMIC_NO_PIC = NO;
				GCC_NO_COMMON_BLOCKS = YES;
				GCC_OPTIMIZATION_LEVEL = 0;
				GCC_PREPROCESSOR_DEFINITIONS = (
					"DEBUG=1",
					"$(inherited)",
				);
				GCC_WARN_64_TO_32_BIT_CONVERSION = YES;
				GCC_WARN_ABOUT_RETURN_TYPE = YES_ERROR;
				GCC_WARN_UNDECLARED_SELECTOR = YES;
				GCC_WARN_UNINITIALIZED_AUTOS = YES_AGGRESSIVE;
				GCC_WARN_UNUSED_FUNCTION = YES;
				GCC_WARN_UNUSED_VARIABLE = YES;
				MACOSX_DEPLOYMENT_TARGET = 10.12;
				MTL_ENABLE_DEBUG_INFO = YES;
				ONLY_ACTIVE_ARCH = YES;
				SDKROOT = macosx;
			};
			name = Debug;
		};
		611F8D661F78B1ED00C3DA92 /* Release */ = {
			isa = XCBuildConfiguration;
			buildSettings = {
				ALWAYS_SEARCH_USER_PATHS = NO;
				CLANG_ANALYZER_NONNULL = YES;
				CLANG_CXX_LANGUAGE_STANDARD = "gnu++0x";
				CLANG_CXX_LIBRARY = "libc++";
				CLANG_ENABLE_MODULES = YES;
				CLANG_ENABLE_OBJC_ARC = YES;
				CLANG_WARN_BOOL_CONVERSION = YES;
				CLANG_WARN_CONSTANT_CONVERSION = YES;
				CLANG_WARN_DIRECT_OBJC_ISA_USAGE = YES_ERROR;
				CLANG_WARN_DOCUMENTATION_COMMENTS = YES;
				CLANG_WARN_EMPTY_BODY = YES;
				CLANG_WARN_ENUM_CONVERSION = YES;
				CLANG_WARN_INFINITE_RECURSION = YES;
				CLANG_WARN_INT_CONVERSION = YES;
				CLANG_WARN_OBJC_ROOT_CLASS = YES_ERROR;
				CLANG_WARN_SUSPICIOUS_MOVE = YES;
				CLANG_WARN_UNREACHABLE_CODE = YES;
				CLANG_WARN__DUPLICATE_METHOD_MATCH = YES;
				CODE_SIGN_IDENTITY = "-";
				COPY_PHASE_STRIP = NO;
				DEBUG_INFORMATION_FORMAT = "dwarf-with-dsym";
				ENABLE_NS_ASSERTIONS = NO;
				ENABLE_STRICT_OBJC_MSGSEND = YES;
				GCC_C_LANGUAGE_STANDARD = gnu99;
				GCC_NO_COMMON_BLOCKS = YES;
				GCC_WARN_64_TO_32_BIT_CONVERSION = YES;
				GCC_WARN_ABOUT_RETURN_TYPE = YES_ERROR;
				GCC_WARN_UNDECLARED_SELECTOR = YES;
				GCC_WARN_UNINITIALIZED_AUTOS = YES_AGGRESSIVE;
				GCC_WARN_UNUSED_FUNCTION = YES;
				GCC_WARN_UNUSED_VARIABLE = YES;
				MACOSX_DEPLOYMENT_TARGET = 10.12;
				MTL_ENABLE_DEBUG_INFO = NO;
				SDKROOT = macosx;
			};
			name = Release;
		};
		611F8D681F78B1ED00C3DA92 /* Debug */ = {
			isa = XCBuildConfiguration;
			buildSettings = {
				PRODUCT_NAME = "$(TARGET_NAME)";
			};
			name = Debug;
		};
		611F8D691F78B1ED00C3DA92 /* Release */ = {
			isa = XCBuildConfiguration;
			buildSettings = {
				PRODUCT_NAME = "$(TARGET_NAME)";
			};
			name = Release;
		};
/* End XCBuildConfiguration section */

/* Begin XCConfigurationList section */
		611F8D5B1F78B1ED00C3DA92 /* Build configuration list for PBXProject "Pizza Restaurant" */ = {
			isa = XCConfigurationList;
			buildConfigurations = (
				611F8D651F78B1ED00C3DA92 /* Debug */,
				611F8D661F78B1ED00C3DA92 /* Release */,
			);
			defaultConfigurationIsVisible = 0;
			defaultConfigurationName = Release;
		};
		611F8D671F78B1ED00C3DA92 /* Build configuration list for PBXNativeTarget "Pizza Restaurant" */ = {
			isa = XCConfigurationList;
			buildConfigurations = (
				611F8D681F78B1ED00C3DA92 /* Debug */,
				611F8D691F78B1ED00C3DA92 /* Release */,
			);
			defaultConfigurationIsVisible = 0;
		};
/* End XCConfigurationList section */
	};
	rootObject = 611F8D581F78B1ED00C3DA92 /* Project object */;
}
